
Microsoft Visual Studio Solution File, Format Version 12.00
# Visual Studio Version 17
VisualStudioVersion = 17.4.33122.133
MinimumVisualStudioVersion = 10.0.40219.1
Project("{888888A0-9F3D-457C-B088-3A5042F75D52}") = "CMPR114 _ManVien", "CMPR114 _ManVien\CMPR114 _ManVien.pyproj", "{1A7D2CF7-61C6-4240-B7F3-EC8FD5176B6B}"
EndProject
Project("{888888A0-9F3D-457C-B088-3A5042F75D52}") = "Week 6_Module 5 (Chapter 5 Functions)", "Week 6\Week 6_Module 5 (Chapter 5 Functions).pyproj", "{8802637A-8E22-4A78-8E25-116001CCA2EE}"
EndProject
Project("{888888A0-9F3D-457C-B088-3A5042F75D52}") = "Week 7_Module 6 (Files and Exceptions + GUI Apps)", "Week 7_Module 6 (Files and Exceptions + GUI Apps)\Week 7_Module 6 (Files and Exceptions + GUI Apps).pyproj", "{9C62722C-288C-4BF5-922D-07BC03BC1CAD}"
EndProject
Project("{888888A0-9F3D-457C-B088-3A5042F75D52}") = "Week 7_Module 6_Homework 6", "Week 7_Module 6_Homework 6\Week 7_Module 6_Homework 6.pyproj", "{64F5FB52-A3EF-469D-962B-A644226099E4}"
EndProject
Project("{888888A0-9F3D-457C-B088-3A5042F75D52}") = "Module 7_Strings, Sets and Dictionaries", "Module 8_Strings, Sets and Dictionaries\Module 7_Strings, Sets and Dictionaries.pyproj", "{7FED8C8C-83FF-472B-9FD3-85030FEAF311}"
EndProject
Project("{888888A0-9F3D-457C-B088-3A5042F75D52}") = "Module 7_Homework 7", "Module 7_Homework 7\Module 7_Homework 7.pyproj", "{6AA955E7-EA54-4501-B534-18AD69D6CA0E}"
EndProject
Project("{888888A0-9F3D-457C-B088-3A5042F75D52}") = "Midterm", "Midterm\Midterm.pyproj", "{66DA6637-FD79-441C-AE88-A2D8D05D5B44}"
EndProject
Project("{888888A0-9F3D-457C-B088-3A5042F75D52}") = "Module 9_Chapter 10 Classes and Object-Oriented Programming", "Module 9_Chapter 10 Classes and Object-Oriented Programming\Module 9_Chapter 10 Classes and Object-Oriented Programming.pyproj", "{46DA2E54-02F0-4354-8CA1-0313B01772AF}"
EndProject
Project("{888888A0-9F3D-457C-B088-3A5042F75D52}") = "Module 10_Chapter 11 Inheritance", "Module 10_Chapter 11 Inheritance\Module 10_Chapter 11 Inheritance.pyproj", "{B9BA337F-F91E-4E45-909B-3E76F469DDF6}"
EndProject
Global
	GlobalSection(SolutionConfigurationPlatforms) = preSolution
		Debug|Any CPU = Debug|Any CPU
		Debug|x64 = Debug|x64
		Debug|x86 = Debug|x86
		Release|Any CPU = Release|Any CPU
		Release|x64 = Release|x64
		Release|x86 = Release|x86
	EndGlobalSection
	GlobalSection(ProjectConfigurationPlatforms) = postSolution
		{1A7D2CF7-61C6-4240-B7F3-EC8FD5176B6B}.Debug|Any CPU.ActiveCfg = Debug|Any CPU
		{1A7D2CF7-61C6-4240-B7F3-EC8FD5176B6B}.Debug|x64.ActiveCfg = Debug|Any CPU
		{1A7D2CF7-61C6-4240-B7F3-EC8FD5176B6B}.Debug|x86.ActiveCfg = Debug|Any CPU
		{1A7D2CF7-61C6-4240-B7F3-EC8FD5176B6B}.Release|Any CPU.ActiveCfg = Release|Any CPU
		{1A7D2CF7-61C6-4240-B7F3-EC8FD5176B6B}.Release|x64.ActiveCfg = Release|Any CPU
		{1A7D2CF7-61C6-4240-B7F3-EC8FD5176B6B}.Release|x86.ActiveCfg = Release|Any CPU
		{8802637A-8E22-4A78-8E25-116001CCA2EE}.Debug|Any CPU.ActiveCfg = Debug|Any CPU
		{8802637A-8E22-4A78-8E25-116001CCA2EE}.Debug|x64.ActiveCfg = Debug|Any CPU
		{8802637A-8E22-4A78-8E25-116001CCA2EE}.Debug|x86.ActiveCfg = Debug|Any CPU
		{8802637A-8E22-4A78-8E25-116001CCA2EE}.Release|Any CPU.ActiveCfg = Release|Any CPU
		{8802637A-8E22-4A78-8E25-116001CCA2EE}.Release|x64.ActiveCfg = Release|Any CPU
		{8802637A-8E22-4A78-8E25-116001CCA2EE}.Release|x86.ActiveCfg = Release|Any CPU
		{9C62722C-288C-4BF5-922D-07BC03BC1CAD}.Debug|Any CPU.ActiveCfg = Debug|Any CPU
		{9C62722C-288C-4BF5-922D-07BC03BC1CAD}.Debug|x64.ActiveCfg = Debug|Any CPU
		{9C62722C-288C-4BF5-922D-07BC03BC1CAD}.Debug|x86.ActiveCfg = Debug|Any CPU
		{9C62722C-288C-4BF5-922D-07BC03BC1CAD}.Release|Any CPU.ActiveCfg = Release|Any CPU
		{9C62722C-288C-4BF5-922D-07BC03BC1CAD}.Release|x64.ActiveCfg = Release|Any CPU
		{9C62722C-288C-4BF5-922D-07BC03BC1CAD}.Release|x86.ActiveCfg = Release|Any CPU
		{64F5FB52-A3EF-469D-962B-A644226099E4}.Debug|Any CPU.ActiveCfg = Debug|Any CPU
		{64F5FB52-A3EF-469D-962B-A644226099E4}.Debug|x64.ActiveCfg = Debug|Any CPU
		{64F5FB52-A3EF-469D-962B-A644226099E4}.Debug|x86.ActiveCfg = Debug|Any CPU
		{64F5FB52-A3EF-469D-962B-A644226099E4}.Release|Any CPU.ActiveCfg = Release|Any CPU
		{64F5FB52-A3EF-469D-962B-A644226099E4}.Release|x64.ActiveCfg = Release|Any CPU
		{64F5FB52-A3EF-469D-962B-A644226099E4}.Release|x86.ActiveCfg = Release|Any CPU
		{7FED8C8C-83FF-472B-9FD3-85030FEAF311}.Debug|Any CPU.ActiveCfg = Debug|Any CPU
		{7FED8C8C-83FF-472B-9FD3-85030FEAF311}.Debug|x64.ActiveCfg = Debug|Any CPU
		{7FED8C8C-83FF-472B-9FD3-85030FEAF311}.Debug|x86.ActiveCfg = Debug|Any CPU
		{7FED8C8C-83FF-472B-9FD3-85030FEAF311}.Release|Any CPU.ActiveCfg = Release|Any CPU
		{7FED8C8C-83FF-472B-9FD3-85030FEAF311}.Release|x64.ActiveCfg = Release|Any CPU
		{7FED8C8C-83FF-472B-9FD3-85030FEAF311}.Release|x86.ActiveCfg = Release|Any CPU
		{6AA955E7-EA54-4501-B534-18AD69D6CA0E}.Debug|Any CPU.ActiveCfg = Debug|Any CPU
		{6AA955E7-EA54-4501-B534-18AD69D6CA0E}.Debug|x64.ActiveCfg = Debug|Any CPU
		{6AA955E7-EA54-4501-B534-18AD69D6CA0E}.Debug|x86.ActiveCfg = Debug|Any CPU
		{6AA955E7-EA54-4501-B534-18AD69D6CA0E}.Release|Any CPU.ActiveCfg = Release|Any CPU
		{6AA955E7-EA54-4501-B534-18AD69D6CA0E}.Release|x64.ActiveCfg = Release|Any CPU
		{6AA955E7-EA54-4501-B534-18AD69D6CA0E}.Release|x86.ActiveCfg = Release|Any CPU
		{66DA6637-FD79-441C-AE88-A2D8D05D5B44}.Debug|Any CPU.ActiveCfg = Debug|Any CPU
		{66DA6637-FD79-441C-AE88-A2D8D05D5B44}.Debug|x64.ActiveCfg = Debug|Any CPU
		{66DA6637-FD79-441C-AE88-A2D8D05D5B44}.Debug|x86.ActiveCfg = Debug|Any CPU
		{66DA6637-FD79-441C-AE88-A2D8D05D5B44}.Release|Any CPU.ActiveCfg = Release|Any CPU
		{66DA6637-FD79-441C-AE88-A2D8D05D5B44}.Release|x64.ActiveCfg = Release|Any CPU
		{66DA6637-FD79-441C-AE88-A2D8D05D5B44}.Release|x86.ActiveCfg = Release|Any CPU
		{46DA2E54-02F0-4354-8CA1-0313B01772AF}.Debug|Any CPU.ActiveCfg = Debug|Any CPU
		{46DA2E54-02F0-4354-8CA1-0313B01772AF}.Debug|x64.ActiveCfg = Debug|Any CPU
		{46DA2E54-02F0-4354-8CA1-0313B01772AF}.Debug|x86.ActiveCfg = Debug|Any CPU
		{46DA2E54-02F0-4354-8CA1-0313B01772AF}.Release|Any CPU.ActiveCfg = Release|Any CPU
		{46DA2E54-02F0-4354-8CA1-0313B01772AF}.Release|x64.ActiveCfg = Release|Any CPU
		{46DA2E54-02F0-4354-8CA1-0313B01772AF}.Release|x86.ActiveCfg = Release|Any CPU
		{B9BA337F-F91E-4E45-909B-3E76F469DDF6}.Debug|Any CPU.ActiveCfg = Debug|Any CPU
		{B9BA337F-F91E-4E45-909B-3E76F469DDF6}.Debug|x64.ActiveCfg = Debug|Any CPU
		{B9BA337F-F91E-4E45-909B-3E76F469DDF6}.Debug|x86.ActiveCfg = Debug|Any CPU
		{B9BA337F-F91E-4E45-909B-3E76F469DDF6}.Release|Any CPU.ActiveCfg = Release|Any CPU
		{B9BA337F-F91E-4E45-909B-3E76F469DDF6}.Release|x64.ActiveCfg = Release|Any CPU
		{B9BA337F-F91E-4E45-909B-3E76F469DDF6}.Release|x86.ActiveCfg = Release|Any CPU
	EndGlobalSection
	GlobalSection(SolutionProperties) = preSolution
		HideSolutionNode = FALSE
	EndGlobalSection
	GlobalSection(ExtensibilityGlobals) = postSolution
		SolutionGuid = {755AFC9B-4691-4C8E-9880-60B82DC9D4F1}
	EndGlobalSection
EndGlobal
